github.com/HugoBlox/hugo-blox-builder/modules/blox-analytics v0.3.0 h1:dsWADTg5iRxn1f9oGnqyAiLvB7B45VueXM4z46Oz4Ls=
github.com/HugoBlox/hugo-blox-builder/modules/blox-analytics v0.3.0/go.mod h1:0YQtVvRLCzZOpPmbVNk7WDx8t19/QfRTFO+pwyqQNk8=
github.com/HugoBlox/hugo-blox-builder/modules/blox-plugin-netlify v0.0.0-20251215001347-c72b26de8d15 h1:kK7WGIwmMcQS1DiIkpyTwToBf3som+dL7EraGgpC88g=
github.com/HugoBlox/hugo-blox-builder/modules/blox-plugin-netlify v0.0.0-20251215001347-c72b26de8d15/go.mod h1:C7jfxMLv1bEUqbM9XDSmEpfOpS8w06OgqNDEcbuRgL4=
github.com/HugoBlox/hugo-blox-builder/modules/blox-plugin-reveal v0.0.0-20251214235550-d15979197a2a h1:CLPCH2xu/TmZsir9sMAtg0sbBIjMhzp+LwVrrviub1k=
github.com/HugoBlox/hugo-blox-builder/modules/blox-plugin-reveal v0.0.0-20251214235550-d15979197a2a/go.mod h1:rc3iv07XFylONQor5A4GdjTffe4asUSdnC1VgzmQ5+s=
github.com/HugoBlox/hugo-blox-builder/modules/blox-tailwind v0.0.0-20251214032829-73b5f7d5758a h1:2JpJHmboUMvlW8ZHLnc2Zb9PlULB0huwYq3/DfjEU6k=
github.com/HugoBlox/hugo-blox-builder/modules/blox-tailwind v0.0.0-20251214032829-73b5f7d5758a/go.mod h1:blQEm4Y+xVVX9OTVDnO+p0MwHTy3hQdpU6pZK659DiI=
